
Microsoft Visual Studio Solution File, Format Version 12.00
# Visual Studio Version 17
VisualStudioVersion = 17.8.34408.163
MinimumVisualStudioVersion = 10.0.40219.1
Project("{FAE04EC0-301F-11D3-BF4B-00C04F79EFBC}") = "RandomSentencesGenerator", "RandomSentencesGenerator\RandomSentencesGenerator.csproj", "{27697673-DE22-4594-9AE1-5B13A894F5CC}"
EndProject
Global
	GlobalSection(SolutionConfigurationPlatforms) = preSolution
		Debug|Any CPU = Debug|Any CPU
		Release|Any CPU = Release|Any CPU
	EndGlobalSection
	GlobalSection(ProjectConfigurationPlatforms) = postSolution
		{27697673-DE22-4594-9AE1-5B13A894F5CC}.Debug|Any CPU.ActiveCfg = Debug|Any CPU
		{27697673-DE22-4594-9AE1-5B13A894F5CC}.Debug|Any CPU.Build.0 = Debug|Any CPU
		{27697673-DE22-4594-9AE1-5B13A894F5CC}.Release|Any CPU.ActiveCfg = Release|Any CPU
		{27697673-DE22-4594-9AE1-5B13A894F5CC}.Release|Any CPU.Build.0 = Release|Any CPU
	EndGlobalSection
	GlobalSection(SolutionProperties) = preSolution
		HideSolutionNode = FALSE
	EndGlobalSection
	GlobalSection(ExtensibilityGlobals) = postSolution
		SolutionGuid = {A1859628-D8C6-4451-B2C7-022093EBA338}
	EndGlobalSection
EndGlobal
